
Microsoft Visual Studio Solution File, Format Version 12.00
# Visual Studio Version 17
VisualStudioVersion = 17.14.36518.9 d17.14
MinimumVisualStudioVersion = 10.0.40219.1
Project("{FAE04EC0-301F-11D3-BF4B-00C04F79EFBC}") = "Q1", "Q1\Q1.csproj", "{989FB17E-9299-426E-BF63-2C0BF5F3787F}"
EndProject
Global
	GlobalSection(SolutionConfigurationPlatforms) = preSolution
		Debug|Any CPU = Debug|Any CPU
		Release|Any CPU = Release|Any CPU
	EndGlobalSection
	GlobalSection(ProjectConfigurationPlatforms) = postSolution
		{989FB17E-9299-426E-BF63-2C0BF5F3787F}.Debug|Any CPU.ActiveCfg = Debug|Any CPU
		{989FB17E-9299-426E-BF63-2C0BF5F3787F}.Debug|Any CPU.Build.0 = Debug|Any CPU
		{989FB17E-9299-426E-BF63-2C0BF5F3787F}.Release|Any CPU.ActiveCfg = Release|Any CPU
		{989FB17E-9299-426E-BF63-2C0BF5F3787F}.Release|Any CPU.Build.0 = Release|Any CPU
	EndGlobalSection
	GlobalSection(SolutionProperties) = preSolution
		HideSolutionNode = FALSE
	EndGlobalSection
	GlobalSection(ExtensibilityGlobals) = postSolution
		SolutionGuid = {6EE92538-6AF7-4C93-8D55-FCF6F0A9707A}
	EndGlobalSection
EndGlobal
